
Microsoft Visual Studio Solution File, Format Version 12.00
# Visual Studio 15
VisualStudioVersion = 15.0.27004.2005
MinimumVisualStudioVersion = 10.0.40219.1
Project("{FAE04EC0-301F-11D3-BF4B-00C04F79EFBC}") = "Morgengry", "Morgengry\Morgengry.csproj", "{4DF37513-D452-4486-AD88-7850EE996769}"
EndProject
Project("{FAE04EC0-301F-11D3-BF4B-00C04F79EFBC}") = "Test", "Test\Test.csproj", "{704650DE-9CE8-4099-B3F6-824E88A38B16}"
EndProject
Global
	GlobalSection(SolutionConfigurationPlatforms) = preSolution
		Debug|Any CPU = Debug|Any CPU
		Release|Any CPU = Release|Any CPU
	EndGlobalSection
	GlobalSection(ProjectConfigurationPlatforms) = postSolution
		{4DF37513-D452-4486-AD88-7850EE996769}.Debug|Any CPU.ActiveCfg = Debug|Any CPU
		{4DF37513-D452-4486-AD88-7850EE996769}.Debug|Any CPU.Build.0 = Debug|Any CPU
		{4DF37513-D452-4486-AD88-7850EE996769}.Release|Any CPU.ActiveCfg = Release|Any CPU
		{4DF37513-D452-4486-AD88-7850EE996769}.Release|Any CPU.Build.0 = Release|Any CPU
		{704650DE-9CE8-4099-B3F6-824E88A38B16}.Debug|Any CPU.ActiveCfg = Debug|Any CPU
		{704650DE-9CE8-4099-B3F6-824E88A38B16}.Debug|Any CPU.Build.0 = Debug|Any CPU
		{704650DE-9CE8-4099-B3F6-824E88A38B16}.Release|Any CPU.ActiveCfg = Release|Any CPU
		{704650DE-9CE8-4099-B3F6-824E88A38B16}.Release|Any CPU.Build.0 = Release|Any CPU
	EndGlobalSection
	GlobalSection(SolutionProperties) = preSolution
		HideSolutionNode = FALSE
	EndGlobalSection
	GlobalSection(ExtensibilityGlobals) = postSolution
		SolutionGuid = {69541F70-164C-44D1-9941-5D79C6886B56}
	EndGlobalSection
EndGlobal
